
Microsoft Visual Studio Solution File, Format Version 12.00
# Visual Studio 2012
Project("{FAE04EC0-301F-11D3-BF4B-00C04F79EFBC}") = "Dashboard.Android", "Dashboard.Android\Dashboard.Android.csproj", "{07FEB94D-5792-4EA4-A9D3-7838DC4780E7}"
EndProject
Project("{FAE04EC0-301F-11D3-BF4B-00C04F79EFBC}") = "Dashboard.iOS", "Dashboard.iOS\Dashboard.iOS.csproj", "{AF56559C-6F92-401C-9612-47D0D64903EB}"
EndProject
Project("{FAE04EC0-301F-11D3-BF4B-00C04F79EFBC}") = "Dashboard.UITests", "Dashboard.UITests\Dashboard.UITests.csproj", "{B19C892E-2628-4CA7-AD27-08D406A3B14B}"
EndProject
Project("{FAE04EC0-301F-11D3-BF4B-00C04F79EFBC}") = "Dashboard", "Dashboard\Dashboard.csproj", "{ED89E5D6-8864-4930-8540-A58C9FA93DCF}"
EndProject
Global
	GlobalSection(SolutionConfigurationPlatforms) = preSolution
		Debug|Any CPU = Debug|Any CPU
		Release|Any CPU = Release|Any CPU
		Debug|iPhoneSimulator = Debug|iPhoneSimulator
		Release|iPhoneSimulator = Release|iPhoneSimulator
		Debug|iPhone = Debug|iPhone
		Release|iPhone = Release|iPhone
		Ad-Hoc|iPhone = Ad-Hoc|iPhone
		AppStore|iPhone = AppStore|iPhone
	EndGlobalSection
	GlobalSection(ProjectConfigurationPlatforms) = postSolution
		{07FEB94D-5792-4EA4-A9D3-7838DC4780E7}.Debug|Any CPU.ActiveCfg = Debug|Any CPU
		{07FEB94D-5792-4EA4-A9D3-7838DC4780E7}.Debug|Any CPU.Build.0 = Debug|Any CPU
		{07FEB94D-5792-4EA4-A9D3-7838DC4780E7}.Release|Any CPU.ActiveCfg = Release|Any CPU
		{07FEB94D-5792-4EA4-A9D3-7838DC4780E7}.Release|Any CPU.Build.0 = Release|Any CPU
		{07FEB94D-5792-4EA4-A9D3-7838DC4780E7}.Debug|iPhoneSimulator.ActiveCfg = Debug|Any CPU
		{07FEB94D-5792-4EA4-A9D3-7838DC4780E7}.Debug|iPhoneSimulator.Build.0 = Debug|Any CPU
		{07FEB94D-5792-4EA4-A9D3-7838DC4780E7}.Release|iPhoneSimulator.ActiveCfg = Release|Any CPU
		{07FEB94D-5792-4EA4-A9D3-7838DC4780E7}.Release|iPhoneSimulator.Build.0 = Release|Any CPU
		{07FEB94D-5792-4EA4-A9D3-7838DC4780E7}.Debug|iPhone.ActiveCfg = Debug|Any CPU
		{07FEB94D-5792-4EA4-A9D3-7838DC4780E7}.Debug|iPhone.Build.0 = Debug|Any CPU
		{07FEB94D-5792-4EA4-A9D3-7838DC4780E7}.Release|iPhone.ActiveCfg = Release|Any CPU
		{07FEB94D-5792-4EA4-A9D3-7838DC4780E7}.Release|iPhone.Build.0 = Release|Any CPU
		{07FEB94D-5792-4EA4-A9D3-7838DC4780E7}.Ad-Hoc|iPhone.ActiveCfg = Debug|Any CPU
		{07FEB94D-5792-4EA4-A9D3-7838DC4780E7}.Ad-Hoc|iPhone.Build.0 = Debug|Any CPU
		{07FEB94D-5792-4EA4-A9D3-7838DC4780E7}.AppStore|iPhone.ActiveCfg = Debug|Any CPU
		{07FEB94D-5792-4EA4-A9D3-7838DC4780E7}.AppStore|iPhone.Build.0 = Debug|Any CPU
		{AF56559C-6F92-401C-9612-47D0D64903EB}.Debug|Any CPU.ActiveCfg = Debug|iPhoneSimulator
		{AF56559C-6F92-401C-9612-47D0D64903EB}.Debug|Any CPU.Build.0 = Debug|iPhoneSimulator
		{AF56559C-6F92-401C-9612-47D0D64903EB}.Release|Any CPU.ActiveCfg = Release|iPhoneSimulator
		{AF56559C-6F92-401C-9612-47D0D64903EB}.Release|Any CPU.Build.0 = Release|iPhoneSimulator
		{AF56559C-6F92-401C-9612-47D0D64903EB}.Debug|iPhoneSimulator.ActiveCfg = Debug|iPhoneSimulator
		{AF56559C-6F92-401C-9612-47D0D64903EB}.Debug|iPhoneSimulator.Build.0 = Debug|iPhoneSimulator
		{AF56559C-6F92-401C-9612-47D0D64903EB}.Release|iPhoneSimulator.ActiveCfg = Release|iPhoneSimulator
		{AF56559C-6F92-401C-9612-47D0D64903EB}.Release|iPhoneSimulator.Build.0 = Release|iPhoneSimulator
		{AF56559C-6F92-401C-9612-47D0D64903EB}.Debug|iPhone.ActiveCfg = Debug|iPhone
		{AF56559C-6F92-401C-9612-47D0D64903EB}.Debug|iPhone.Build.0 = Debug|iPhone
		{AF56559C-6F92-401C-9612-47D0D64903EB}.Release|iPhone.ActiveCfg = Release|iPhone
		{AF56559C-6F92-401C-9612-47D0D64903EB}.Release|iPhone.Build.0 = Release|iPhone
		{AF56559C-6F92-401C-9612-47D0D64903EB}.Ad-Hoc|iPhone.ActiveCfg = Ad-Hoc|iPhone
		{AF56559C-6F92-401C-9612-47D0D64903EB}.Ad-Hoc|iPhone.Build.0 = Ad-Hoc|iPhone
		{AF56559C-6F92-401C-9612-47D0D64903EB}.AppStore|iPhone.ActiveCfg = AppStore|iPhone
		{AF56559C-6F92-401C-9612-47D0D64903EB}.AppStore|iPhone.Build.0 = AppStore|iPhone
		{B19C892E-2628-4CA7-AD27-08D406A3B14B}.Debug|Any CPU.ActiveCfg = Debug|Any CPU
		{B19C892E-2628-4CA7-AD27-08D406A3B14B}.Debug|Any CPU.Build.0 = Debug|Any CPU
		{B19C892E-2628-4CA7-AD27-08D406A3B14B}.Release|Any CPU.ActiveCfg = Release|Any CPU
		{B19C892E-2628-4CA7-AD27-08D406A3B14B}.Release|Any CPU.Build.0 = Release|Any CPU
		{B19C892E-2628-4CA7-AD27-08D406A3B14B}.Debug|iPhoneSimulator.ActiveCfg = Debug|Any CPU
		{B19C892E-2628-4CA7-AD27-08D406A3B14B}.Debug|iPhoneSimulator.Build.0 = Debug|Any CPU
		{B19C892E-2628-4CA7-AD27-08D406A3B14B}.Release|iPhoneSimulator.ActiveCfg = Release|Any CPU
		{B19C892E-2628-4CA7-AD27-08D406A3B14B}.Release|iPhoneSimulator.Build.0 = Release|Any CPU
		{B19C892E-2628-4CA7-AD27-08D406A3B14B}.Debug|iPhone.ActiveCfg = Debug|Any CPU
		{B19C892E-2628-4CA7-AD27-08D406A3B14B}.Debug|iPhone.Build.0 = Debug|Any CPU
		{B19C892E-2628-4CA7-AD27-08D406A3B14B}.Release|iPhone.ActiveCfg = Release|Any CPU
		{B19C892E-2628-4CA7-AD27-08D406A3B14B}.Release|iPhone.Build.0 = Release|Any CPU
		{B19C892E-2628-4CA7-AD27-08D406A3B14B}.Ad-Hoc|iPhone.ActiveCfg = Debug|Any CPU
		{B19C892E-2628-4CA7-AD27-08D406A3B14B}.Ad-Hoc|iPhone.Build.0 = Debug|Any CPU
		{B19C892E-2628-4CA7-AD27-08D406A3B14B}.AppStore|iPhone.ActiveCfg = Debug|Any CPU
		{B19C892E-2628-4CA7-AD27-08D406A3B14B}.AppStore|iPhone.Build.0 = Debug|Any CPU
		{ED89E5D6-8864-4930-8540-A58C9FA93DCF}.Debug|Any CPU.ActiveCfg = Debug|Any CPU
		{ED89E5D6-8864-4930-8540-A58C9FA93DCF}.Debug|Any CPU.Build.0 = Debug|Any CPU
		{ED89E5D6-8864-4930-8540-A58C9FA93DCF}.Release|Any CPU.ActiveCfg = Release|Any CPU
		{ED89E5D6-8864-4930-8540-A58C9FA93DCF}.Release|Any CPU.Build.0 = Release|Any CPU
		{ED89E5D6-8864-4930-8540-A58C9FA93DCF}.Debug|iPhoneSimulator.ActiveCfg = Debug|Any CPU
		{ED89E5D6-8864-4930-8540-A58C9FA93DCF}.Debug|iPhoneSimulator.Build.0 = Debug|Any CPU
		{ED89E5D6-8864-4930-8540-A58C9FA93DCF}.Release|iPhoneSimulator.ActiveCfg = Release|Any CPU
		{ED89E5D6-8864-4930-8540-A58C9FA93DCF}.Release|iPhoneSimulator.Build.0 = Release|Any CPU
		{ED89E5D6-8864-4930-8540-A58C9FA93DCF}.Debug|iPhone.ActiveCfg = Debug|Any CPU
		{ED89E5D6-8864-4930-8540-A58C9FA93DCF}.Debug|iPhone.Build.0 = Debug|Any CPU
		{ED89E5D6-8864-4930-8540-A58C9FA93DCF}.Release|iPhone.ActiveCfg = Release|Any CPU
		{ED89E5D6-8864-4930-8540-A58C9FA93DCF}.Release|iPhone.Build.0 = Release|Any CPU
		{ED89E5D6-8864-4930-8540-A58C9FA93DCF}.Ad-Hoc|iPhone.ActiveCfg = Debug|Any CPU
		{ED89E5D6-8864-4930-8540-A58C9FA93DCF}.Ad-Hoc|iPhone.Build.0 = Debug|Any CPU
		{ED89E5D6-8864-4930-8540-A58C9FA93DCF}.AppStore|iPhone.ActiveCfg = Debug|Any CPU
		{ED89E5D6-8864-4930-8540-A58C9FA93DCF}.AppStore|iPhone.Build.0 = Debug|Any CPU
	EndGlobalSection
EndGlobal
